// !$*UTF8*$!
{
	archiveVersion = 1;
	classes = {
	};
	objectVersion = 55;
	objects = {

/* Begin PBXBuildFile section */
		020B913B28CF15CF006E28B8 /* SwiftUIdemoApp.swift in Sources */ = {isa = PBXBuildFile; fileRef = 020B913A28CF15CF006E28B8 /* SwiftUIdemoApp.swift */; };
		020B913D28CF15CF006E28B8 /* ContentView.swift in Sources */ = {isa = PBXBuildFile; fileRef = 020B913C28CF15CF006E28B8 /* ContentView.swift */; };
		020B913F28CF15D7006E28B8 /* Assets.xcassets in Resources */ = {isa = PBXBuildFile; fileRef = 020B913E28CF15D7006E28B8 /* Assets.xcassets */; };
		020B914228CF15D7006E28B8 /* Preview Assets.xcassets in Resources */ = {isa = PBXBuildFile; fileRef = 020B914128CF15D7006E28B8 /* Preview Assets.xcassets */; };
		020B914928CF17C8006E28B8 /* ListView.swift in Sources */ = {isa = PBXBuildFile; fileRef = 020B914828CF17C8006E28B8 /* ListView.swift */; };
		020B914B28CF1822006E28B8 /* ScrollViewExample.swift in Sources */ = {isa = PBXBuildFile; fileRef = 020B914A28CF1822006E28B8 /* ScrollViewExample.swift */; };
		020B914D28CF188E006E28B8 /* FormView.swift in Sources */ = {isa = PBXBuildFile; fileRef = 020B914C28CF188E006E28B8 /* FormView.swift */; };
		020B914F28CF18AA006E28B8 /* FourthTabView.swift in Sources */ = {isa = PBXBuildFile; fileRef = 020B914E28CF18AA006E28B8 /* FourthTabView.swift */; };
		020B915128CF2B67006E28B8 /* ListItemView.swift in Sources */ = {isa = PBXBuildFile; fileRef = 020B915028CF2B67006E28B8 /* ListItemView.swift */; };
		020B915328CF336B006E28B8 /* BasicView.swift in Sources */ = {isa = PBXBuildFile; fileRef = 020B915228CF336B006E28B8 /* BasicView.swift */; };
		026D041628DB31F100CFE1BC /* GraphicsView.swift in Sources */ = {isa = PBXBuildFile; fileRef = 026D041528DB31F100CFE1BC /* GraphicsView.swift */; };
		026D041828DB329A00CFE1BC /* ViewsView.swift in Sources */ = {isa = PBXBuildFile; fileRef = 026D041728DB329A00CFE1BC /* ViewsView.swift */; };
		026D041A28DBBA1D00CFE1BC /* SampleEmptyView.swift in Sources */ = {isa = PBXBuildFile; fileRef = 026D041928DBBA1D00CFE1BC /* SampleEmptyView.swift */; };
		026D041C28DBCA4400CFE1BC /* ModifiersControlsView.swift in Sources */ = {isa = PBXBuildFile; fileRef = 026D041B28DBCA4400CFE1BC /* ModifiersControlsView.swift */; };
		026D041E28DC69F800CFE1BC /* ModifiersEffectsView.swift in Sources */ = {isa = PBXBuildFile; fileRef = 026D041D28DC69F800CFE1BC /* ModifiersEffectsView.swift */; };
		026D042028DCB91E00CFE1BC /* ModifiersLayoutView.swift in Sources */ = {isa = PBXBuildFile; fileRef = 026D041F28DCB91E00CFE1BC /* ModifiersLayoutView.swift */; };
		026D042228DCD8DD00CFE1BC /* ModifiersTextView.swift in Sources */ = {isa = PBXBuildFile; fileRef = 026D042128DCD8DD00CFE1BC /* ModifiersTextView.swift */; };
		026D042428DCE2AB00CFE1BC /* ModifiersImageView.swift in Sources */ = {isa = PBXBuildFile; fileRef = 026D042328DCE2AB00CFE1BC /* ModifiersImageView.swift */; };
		026D042628DCE80C00CFE1BC /* ModifiersListView.swift in Sources */ = {isa = PBXBuildFile; fileRef = 026D042528DCE80C00CFE1BC /* ModifiersListView.swift */; };
/* End PBXBuildFile section */

/* Begin PBXFileReference section */
		020B913728CF15CF006E28B8 /* SwiftUIdemo.app */ = {isa = PBXFileReference; explicitFileType = wrapper.application; includeInIndex = 0; path = SwiftUIdemo.app; sourceTree = BUILT_PRODUCTS_DIR; };
		020B913A28CF15CF006E28B8 /* SwiftUIdemoApp.swift */ = {isa = PBXFileReference; lastKnownFileType = sourcecode.swift; path = SwiftUIdemoApp.swift; sourceTree = "<group>"; };
		020B913C28CF15CF006E28B8 /* ContentView.swift */ = {isa = PBXFileReference; lastKnownFileType = sourcecode.swift; path = ContentView.swift; sourceTree = "<group>"; };
		020B913E28CF15D7006E28B8 /* Assets.xcassets */ = {isa = PBXFileReference; lastKnownFileType = folder.assetcatalog; path = Assets.xcassets; sourceTree = "<group>"; };
		020B914128CF15D7006E28B8 /* Preview Assets.xcassets */ = {isa = PBXFileReference; lastKnownFileType = folder.assetcatalog; path = "Preview Assets.xcassets"; sourceTree = "<group>"; };
		020B914828CF17C8006E28B8 /* ListView.swift */ = {isa = PBXFileReference; lastKnownFileType = sourcecode.swift; path = ListView.swift; sourceTree = "<group>"; };
		020B914A28CF1822006E28B8 /* ScrollViewExample.swift */ = {isa = PBXFileReference; lastKnownFileType = sourcecode.swift; path = ScrollViewExample.swift; sourceTree = "<group>"; };
		020B914C28CF188E006E28B8 /* FormView.swift */ = {isa = PBXFileReference; lastKnownFileType = sourcecode.swift; path = FormView.swift; sourceTree = "<group>"; };
		020B914E28CF18AA006E28B8 /* FourthTabView.swift */ = {isa = PBXFileReference; lastKnownFileType = sourcecode.swift; path = FourthTabView.swift; sourceTree = "<group>"; };
		020B915028CF2B67006E28B8 /* ListItemView.swift */ = {isa = PBXFileReference; lastKnownFileType = sourcecode.swift; path = ListItemView.swift; sourceTree = "<group>"; };
		020B915228CF336B006E28B8 /* BasicView.swift */ = {isa = PBXFileReference; lastKnownFileType = sourcecode.swift; path = BasicView.swift; sourceTree = "<group>"; };
		026D041528DB31F100CFE1BC /* GraphicsView.swift */ = {isa = PBXFileReference; lastKnownFileType = sourcecode.swift; path = GraphicsView.swift; sourceTree = "<group>"; };
		026D041728DB329A00CFE1BC /* ViewsView.swift */ = {isa = PBXFileReference; lastKnownFileType = sourcecode.swift; path = ViewsView.swift; sourceTree = "<group>"; };
		026D041928DBBA1D00CFE1BC /* SampleEmptyView.swift */ = {isa = PBXFileReference; lastKnownFileType = sourcecode.swift; path = SampleEmptyView.swift; sourceTree = "<group>"; };
		026D041B28DBCA4400CFE1BC /* ModifiersControlsView.swift */ = {isa = PBXFileReference; lastKnownFileType = sourcecode.swift; path = ModifiersControlsView.swift; sourceTree = "<group>"; };
		026D041D28DC69F800CFE1BC /* ModifiersEffectsView.swift */ = {isa = PBXFileReference; lastKnownFileType = sourcecode.swift; path = ModifiersEffectsView.swift; sourceTree = "<group>"; };
		026D041F28DCB91E00CFE1BC /* ModifiersLayoutView.swift */ = {isa = PBXFileReference; lastKnownFileType = sourcecode.swift; path = ModifiersLayoutView.swift; sourceTree = "<group>"; };
		026D042128DCD8DD00CFE1BC /* ModifiersTextView.swift */ = {isa = PBXFileReference; lastKnownFileType = sourcecode.swift; path = ModifiersTextView.swift; sourceTree = "<group>"; };
		026D042328DCE2AB00CFE1BC /* ModifiersImageView.swift */ = {isa = PBXFileReference; lastKnownFileType = sourcecode.swift; path = ModifiersImageView.swift; sourceTree = "<group>"; };
		026D042528DCE80C00CFE1BC /* ModifiersListView.swift */ = {isa = PBXFileReference; lastKnownFileType = sourcecode.swift; path = ModifiersListView.swift; sourceTree = "<group>"; };
/* End PBXFileReference section */

/* Begin PBXFrameworksBuildPhase section */
		020B913428CF15CF006E28B8 /* Frameworks */ = {
			isa = PBXFrameworksBuildPhase;
			buildActionMask = 2147483647;
			files = (
			);
			runOnlyForDeploymentPostprocessing = 0;
		};
/* End PBXFrameworksBuildPhase section */

/* Begin PBXGroup section */
		020B912E28CF15CE006E28B8 = {
			isa = PBXGroup;
			children = (
				020B913928CF15CF006E28B8 /* SwiftUIdemo */,
				020B913828CF15CF006E28B8 /* Products */,
			);
			sourceTree = "<group>";
		};
		020B913828CF15CF006E28B8 /* Products */ = {
			isa = PBXGroup;
			children = (
				020B913728CF15CF006E28B8 /* SwiftUIdemo.app */,
			);
			name = Products;
			sourceTree = "<group>";
		};
		020B913928CF15CF006E28B8 /* SwiftUIdemo */ = {
			isa = PBXGroup;
			children = (
				020B913A28CF15CF006E28B8 /* SwiftUIdemoApp.swift */,
				020B913C28CF15CF006E28B8 /* ContentView.swift */,
				020B915228CF336B006E28B8 /* BasicView.swift */,
				026D041428DB31BD00CFE1BC /* BasicViews */,
				020B914A28CF1822006E28B8 /* ScrollViewExample.swift */,
				020B914828CF17C8006E28B8 /* ListView.swift */,
				020B915028CF2B67006E28B8 /* ListItemView.swift */,
				020B914C28CF188E006E28B8 /* FormView.swift */,
				020B914E28CF18AA006E28B8 /* FourthTabView.swift */,
				020B913E28CF15D7006E28B8 /* Assets.xcassets */,
				020B914028CF15D7006E28B8 /* Preview Content */,
			);
			path = SwiftUIdemo;
			sourceTree = "<group>";
		};
		020B914028CF15D7006E28B8 /* Preview Content */ = {
			isa = PBXGroup;
			children = (
				020B914128CF15D7006E28B8 /* Preview Assets.xcassets */,
			);
			path = "Preview Content";
			sourceTree = "<group>";
		};
		026D041428DB31BD00CFE1BC /* BasicViews */ = {
			isa = PBXGroup;
			children = (
				026D041528DB31F100CFE1BC /* GraphicsView.swift */,
				026D041728DB329A00CFE1BC /* ViewsView.swift */,
				026D041928DBBA1D00CFE1BC /* SampleEmptyView.swift */,
				026D041B28DBCA4400CFE1BC /* ModifiersControlsView.swift */,
				026D041D28DC69F800CFE1BC /* ModifiersEffectsView.swift */,
				026D041F28DCB91E00CFE1BC /* ModifiersLayoutView.swift */,
				026D042128DCD8DD00CFE1BC /* ModifiersTextView.swift */,
				026D042328DCE2AB00CFE1BC /* ModifiersImageView.swift */,
				026D042528DCE80C00CFE1BC /* ModifiersListView.swift */,
			);
			path = BasicViews;
			sourceTree = "<group>";
		};
/* End PBXGroup section */

/* Begin PBXNativeTarget section */
		020B913628CF15CF006E28B8 /* SwiftUIdemo */ = {
			isa = PBXNativeTarget;
			buildConfigurationList = 020B914528CF15D7006E28B8 /* Build configuration list for PBXNativeTarget "SwiftUIdemo" */;
			buildPhases = (
				020B913328CF15CF006E28B8 /* Sources */,
				020B913428CF15CF006E28B8 /* Frameworks */,
				020B913528CF15CF006E28B8 /* Resources */,
			);
			buildRules = (
			);
			dependencies = (
			);
			name = SwiftUIdemo;
			productName = SwiftUIdemo;
			productReference = 020B913728CF15CF006E28B8 /* SwiftUIdemo.app */;
			productType = "com.apple.product-type.application";
		};
/* End PBXNativeTarget section */

/* Begin PBXProject section */
		020B912F28CF15CE006E28B8 /* Project object */ = {
			isa = PBXProject;
			attributes = {
				BuildIndependentTargetsInParallel = 1;
				LastSwiftUpdateCheck = 1340;
				LastUpgradeCheck = 1340;
				TargetAttributes = {
					020B913628CF15CF006E28B8 = {
						CreatedOnToolsVersion = 13.4.1;
					};
				};
			};
			buildConfigurationList = 020B913228CF15CE006E28B8 /* Build configuration list for PBXProject "SwiftUIdemo" */;
			compatibilityVersion = "Xcode 13.0";
			developmentRegion = en;
			hasScannedForEncodings = 0;
			knownRegions = (
				en,
				Base,
			);
			mainGroup = 020B912E28CF15CE006E28B8;
			productRefGroup = 020B913828CF15CF006E28B8 /* Products */;
			projectDirPath = "";
			projectRoot = "";
			targets = (
				020B913628CF15CF006E28B8 /* SwiftUIdemo */,
			);
		};
/* End PBXProject section */

/* Begin PBXResourcesBuildPhase section */
		020B913528CF15CF006E28B8 /* Resources */ = {
			isa = PBXResourcesBuildPhase;
			buildActionMask = 2147483647;
			files = (
				020B914228CF15D7006E28B8 /* Preview Assets.xcassets in Resources */,
				020B913F28CF15D7006E28B8 /* Assets.xcassets in Resources */,
			);
			runOnlyForDeploymentPostprocessing = 0;
		};
/* End PBXResourcesBuildPhase section */

/* Begin PBXSourcesBuildPhase section */
		020B913328CF15CF006E28B8 /* Sources */ = {
			isa = PBXSourcesBuildPhase;
			buildActionMask = 2147483647;
			files = (
				020B914B28CF1822006E28B8 /* ScrollViewExample.swift in Sources */,
				026D041828DB329A00CFE1BC /* ViewsView.swift in Sources */,
				020B915128CF2B67006E28B8 /* ListItemView.swift in Sources */,
				026D042428DCE2AB00CFE1BC /* ModifiersImageView.swift in Sources */,
				026D042228DCD8DD00CFE1BC /* ModifiersTextView.swift in Sources */,
				020B914D28CF188E006E28B8 /* FormView.swift in Sources */,
				026D042028DCB91E00CFE1BC /* ModifiersLayoutView.swift in Sources */,
				026D041A28DBBA1D00CFE1BC /* SampleEmptyView.swift in Sources */,
				020B913D28CF15CF006E28B8 /* ContentView.swift in Sources */,
				020B914928CF17C8006E28B8 /* ListView.swift in Sources */,
				020B914F28CF18AA006E28B8 /* FourthTabView.swift in Sources */,
				020B913B28CF15CF006E28B8 /* SwiftUIdemoApp.swift in Sources */,
				020B915328CF336B006E28B8 /* BasicView.swift in Sources */,
				026D041E28DC69F800CFE1BC /* ModifiersEffectsView.swift in Sources */,
				026D041628DB31F100CFE1BC /* GraphicsView.swift in Sources */,
				026D041C28DBCA4400CFE1BC /* ModifiersControlsView.swift in Sources */,
				026D042628DCE80C00CFE1BC /* ModifiersListView.swift in Sources */,
			);
			runOnlyForDeploymentPostprocessing = 0;
		};
/* End PBXSourcesBuildPhase section */

/* Begin XCBuildConfiguration section */
		020B914328CF15D7006E28B8 /* Debug */ = {
			isa = XCBuildConfiguration;
			buildSettings = {
				ALWAYS_SEARCH_USER_PATHS = NO;
				CLANG_ANALYZER_NONNULL = YES;
				CLANG_ANALYZER_NUMBER_OBJECT_CONVERSION = YES_AGGRESSIVE;
				CLANG_CXX_LANGUAGE_STANDARD = "gnu++17";
				CLANG_ENABLE_MODULES = YES;
				CLANG_ENABLE_OBJC_ARC = YES;
				CLANG_ENABLE_OBJC_WEAK = YES;
				CLANG_WARN_BLOCK_CAPTURE_AUTORELEASING = YES;
				CLANG_WARN_BOOL_CONVERSION = YES;
				CLANG_WARN_COMMA = YES;
				CLANG_WARN_CONSTANT_CONVERSION = YES;
				CLANG_WARN_DEPRECATED_OBJC_IMPLEMENTATIONS = YES;
				CLANG_WARN_DIRECT_OBJC_ISA_USAGE = YES_ERROR;
				CLANG_WARN_DOCUMENTATION_COMMENTS = YES;
				CLANG_WARN_EMPTY_BODY = YES;
				CLANG_WARN_ENUM_CONVERSION = YES;
				CLANG_WARN_INFINITE_RECURSION = YES;
				CLANG_WARN_INT_CONVERSION = YES;
				CLANG_WARN_NON_LITERAL_NULL_CONVERSION = YES;
				CLANG_WARN_OBJC_IMPLICIT_RETAIN_SELF = YES;
				CLANG_WARN_OBJC_LITERAL_CONVERSION = YES;
				CLANG_WARN_OBJC_ROOT_CLASS = YES_ERROR;
				CLANG_WARN_QUOTED_INCLUDE_IN_FRAMEWORK_HEADER = YES;
				CLANG_WARN_RANGE_LOOP_ANALYSIS = YES;
				CLANG_WARN_STRICT_PROTOTYPES = YES;
				CLANG_WARN_SUSPICIOUS_MOVE = YES;
				CLANG_WARN_UNGUARDED_AVAILABILITY = YES_AGGRESSIVE;
				CLANG_WARN_UNREACHABLE_CODE = YES;
				CLANG_WARN__DUPLICATE_METHOD_MATCH = YES;
				COPY_PHASE_STRIP = NO;
				DEBUG_INFORMATION_FORMAT = dwarf;
				ENABLE_STRICT_OBJC_MSGSEND = YES;
				ENABLE_TESTABILITY = YES;
				GCC_C_LANGUAGE_STANDARD = gnu11;
				GCC_DYNAMIC_NO_PIC = NO;
				GCC_NO_COMMON_BLOCKS = YES;
				GCC_OPTIMIZATION_LEVEL = 0;
				GCC_PREPROCESSOR_DEFINITIONS = (
					"DEBUG=1",
					"$(inherited)",
				);
				GCC_WARN_64_TO_32_BIT_CONVERSION = YES;
				GCC_WARN_ABOUT_RETURN_TYPE = YES_ERROR;
				GCC_WARN_UNDECLARED_SELECTOR = YES;
				GCC_WARN_UNINITIALIZED_AUTOS = YES_AGGRESSIVE;
				GCC_WARN_UNUSED_FUNCTION = YES;
				GCC_WARN_UNUSED_VARIABLE = YES;
				IPHONEOS_DEPLOYMENT_TARGET = 15.5;
				MTL_ENABLE_DEBUG_INFO = INCLUDE_SOURCE;
				MTL_FAST_MATH = YES;
				ONLY_ACTIVE_ARCH = YES;
				SDKROOT = iphoneos;
				SWIFT_ACTIVE_COMPILATION_CONDITIONS = DEBUG;
				SWIFT_OPTIMIZATION_LEVEL = "-Onone";
			};
			name = Debug;
		};
		020B914428CF15D7006E28B8 /* Release */ = {
			isa = XCBuildConfiguration;
			buildSettings = {
				ALWAYS_SEARCH_USER_PATHS = NO;
				CLANG_ANALYZER_NONNULL = YES;
				CLANG_ANALYZER_NUMBER_OBJECT_CONVERSION = YES_AGGRESSIVE;
				CLANG_CXX_LANGUAGE_STANDARD = "gnu++17";
				CLANG_ENABLE_MODULES = YES;
				CLANG_ENABLE_OBJC_ARC = YES;
				CLANG_ENABLE_OBJC_WEAK = YES;
				CLANG_WARN_BLOCK_CAPTURE_AUTORELEASING = YES;
				CLANG_WARN_BOOL_CONVERSION = YES;
				CLANG_WARN_COMMA = YES;
				CLANG_WARN_CONSTANT_CONVERSION = YES;
				CLANG_WARN_DEPRECATED_OBJC_IMPLEMENTATIONS = YES;
				CLANG_WARN_DIRECT_OBJC_ISA_USAGE = YES_ERROR;
				CLANG_WARN_DOCUMENTATION_COMMENTS = YES;
				CLANG_WARN_EMPTY_BODY = YES;
				CLANG_WARN_ENUM_CONVERSION = YES;
				CLANG_WARN_INFINITE_RECURSION = YES;
				CLANG_WARN_INT_CONVERSION = YES;
				CLANG_WARN_NON_LITERAL_NULL_CONVERSION = YES;
				CLANG_WARN_OBJC_IMPLICIT_RETAIN_SELF = YES;
				CLANG_WARN_OBJC_LITERAL_CONVERSION = YES;
				CLANG_WARN_OBJC_ROOT_CLASS = YES_ERROR;
				CLANG_WARN_QUOTED_INCLUDE_IN_FRAMEWORK_HEADER = YES;
				CLANG_WARN_RANGE_LOOP_ANALYSIS = YES;
				CLANG_WARN_STRICT_PROTOTYPES = YES;
				CLANG_WARN_SUSPICIOUS_MOVE = YES;
				CLANG_WARN_UNGUARDED_AVAILABILITY = YES_AGGRESSIVE;
				CLANG_WARN_UNREACHABLE_CODE = YES;
				CLANG_WARN__DUPLICATE_METHOD_MATCH = YES;
				COPY_PHASE_STRIP = NO;
				DEBUG_INFORMATION_FORMAT = "dwarf-with-dsym";
				ENABLE_NS_ASSERTIONS = NO;
				ENABLE_STRICT_OBJC_MSGSEND = YES;
				GCC_C_LANGUAGE_STANDARD = gnu11;
				GCC_NO_COMMON_BLOCKS = YES;
				GCC_WARN_64_TO_32_BIT_CONVERSION = YES;
				GCC_WARN_ABOUT_RETURN_TYPE = YES_ERROR;
				GCC_WARN_UNDECLARED_SELECTOR = YES;
				GCC_WARN_UNINITIALIZED_AUTOS = YES_AGGRESSIVE;
				GCC_WARN_UNUSED_FUNCTION = YES;
				GCC_WARN_UNUSED_VARIABLE = YES;
				IPHONEOS_DEPLOYMENT_TARGET = 15.5;
				MTL_ENABLE_DEBUG_INFO = NO;
				MTL_FAST_MATH = YES;
				SDKROOT = iphoneos;
				SWIFT_COMPILATION_MODE = wholemodule;
				SWIFT_OPTIMIZATION_LEVEL = "-O";
				VALIDATE_PRODUCT = YES;
			};
			name = Release;
		};
		020B914628CF15D7006E28B8 /* Debug */ = {
			isa = XCBuildConfiguration;
			buildSettings = {
				ASSETCATALOG_COMPILER_APPICON_NAME = AppIcon;
				ASSETCATALOG_COMPILER_GLOBAL_ACCENT_COLOR_NAME = AccentColor;
				CODE_SIGN_STYLE = Automatic;
				CURRENT_PROJECT_VERSION = 1;
				DEVELOPMENT_ASSET_PATHS = "\"SwiftUIdemo/Preview Content\"";
				DEVELOPMENT_TEAM = YJJV2J5MCY;
				ENABLE_PREVIEWS = YES;
				GENERATE_INFOPLIST_FILE = YES;
				INFOPLIST_KEY_UIApplicationSceneManifest_Generation = YES;
				INFOPLIST_KEY_UIApplicationSupportsIndirectInputEvents = YES;
				INFOPLIST_KEY_UILaunchScreen_Generation = YES;
				INFOPLIST_KEY_UISupportedInterfaceOrientations_iPad = "UIInterfaceOrientationPortrait UIInterfaceOrientationPortraitUpsideDown UIInterfaceOrientationLandscapeLeft UIInterfaceOrientationLandscapeRight";
				INFOPLIST_KEY_UISupportedInterfaceOrientations_iPhone = "UIInterfaceOrientationPortrait UIInterfaceOrientationLandscapeLeft UIInterfaceOrientationLandscapeRight";
				LD_RUNPATH_SEARCH_PATHS = (
					"$(inherited)",
					"@executable_path/Frameworks",
				);
				MARKETING_VERSION = 1.0;
				PRODUCT_BUNDLE_IDENTIFIER = sk.ifam.SwiftUIdemo;
				PRODUCT_NAME = "$(TARGET_NAME)";
				SWIFT_EMIT_LOC_STRINGS = YES;
				SWIFT_VERSION = 5.0;
				TARGETED_DEVICE_FAMILY = "1,2";
			};
			name = Debug;
		};
		020B914728CF15D7006E28B8 /* Release */ = {
			isa = XCBuildConfiguration;
			buildSettings = {
				ASSETCATALOG_COMPILER_APPICON_NAME = AppIcon;
				ASSETCATALOG_COMPILER_GLOBAL_ACCENT_COLOR_NAME = AccentColor;
				CODE_SIGN_STYLE = Automatic;
				CURRENT_PROJECT_VERSION = 1;
				DEVELOPMENT_ASSET_PATHS = "\"SwiftUIdemo/Preview Content\"";
				DEVELOPMENT_TEAM = YJJV2J5MCY;
				ENABLE_PREVIEWS = YES;
				GENERATE_INFOPLIST_FILE = YES;
				INFOPLIST_KEY_UIApplicationSceneManifest_Generation = YES;
				INFOPLIST_KEY_UIApplicationSupportsIndirectInputEvents = YES;
				INFOPLIST_KEY_UILaunchScreen_Generation = YES;
				INFOPLIST_KEY_UISupportedInterfaceOrientations_iPad = "UIInterfaceOrientationPortrait UIInterfaceOrientationPortraitUpsideDown UIInterfaceOrientationLandscapeLeft UIInterfaceOrientationLandscapeRight";
				INFOPLIST_KEY_UISupportedInterfaceOrientations_iPhone = "UIInterfaceOrientationPortrait UIInterfaceOrientationLandscapeLeft UIInterfaceOrientationLandscapeRight";
				LD_RUNPATH_SEARCH_PATHS = (
					"$(inherited)",
					"@executable_path/Frameworks",
				);
				MARKETING_VERSION = 1.0;
				PRODUCT_BUNDLE_IDENTIFIER = sk.ifam.SwiftUIdemo;
				PRODUCT_NAME = "$(TARGET_NAME)";
				SWIFT_EMIT_LOC_STRINGS = YES;
				SWIFT_VERSION = 5.0;
				TARGETED_DEVICE_FAMILY = "1,2";
			};
			name = Release;
		};
/* End XCBuildConfiguration section */

/* Begin XCConfigurationList section */
		020B913228CF15CE006E28B8 /* Build configuration list for PBXProject "SwiftUIdemo" */ = {
			isa = XCConfigurationList;
			buildConfigurations = (
				020B914328CF15D7006E28B8 /* Debug */,
				020B914428CF15D7006E28B8 /* Release */,
			);
			defaultConfigurationIsVisible = 0;
			defaultConfigurationName = Release;
		};
		020B914528CF15D7006E28B8 /* Build configuration list for PBXNativeTarget "SwiftUIdemo" */ = {
			isa = XCConfigurationList;
			buildConfigurations = (
				020B914628CF15D7006E28B8 /* Debug */,
				020B914728CF15D7006E28B8 /* Release */,
			);
			defaultConfigurationIsVisible = 0;
			defaultConfigurationName = Release;
		};
/* End XCConfigurationList section */
	};
	rootObject = 020B912F28CF15CE006E28B8 /* Project object */;
}
